
Microsoft Visual Studio Solution File, Format Version 12.00
# Visual Studio Version 16
VisualStudioVersion = 16.0.30517.126
MinimumVisualStudioVersion = 10.0.40219.1
Project("{8BC9CEB8-8B4A-11D0-8D11-00A0C91BC942}") = "week 9 B. 完全k次方乘积", "week 9 B. 完全k次方乘积\week 9 B. 完全k次方乘积.vcxproj", "{EFBE88F9-B83C-4B6D-A14E-62E6D7D0CD00}"
EndProject
Global
	GlobalSection(SolutionConfigurationPlatforms) = preSolution
		Debug|x64 = Debug|x64
		Debug|x86 = Debug|x86
		Release|x64 = Release|x64
		Release|x86 = Release|x86
	EndGlobalSection
	GlobalSection(ProjectConfigurationPlatforms) = postSolution
		{EFBE88F9-B83C-4B6D-A14E-62E6D7D0CD00}.Debug|x64.ActiveCfg = Debug|x64
		{EFBE88F9-B83C-4B6D-A14E-62E6D7D0CD00}.Debug|x64.Build.0 = Debug|x64
		{EFBE88F9-B83C-4B6D-A14E-62E6D7D0CD00}.Debug|x86.ActiveCfg = Debug|Win32
		{EFBE88F9-B83C-4B6D-A14E-62E6D7D0CD00}.Debug|x86.Build.0 = Debug|Win32
		{EFBE88F9-B83C-4B6D-A14E-62E6D7D0CD00}.Release|x64.ActiveCfg = Release|x64
		{EFBE88F9-B83C-4B6D-A14E-62E6D7D0CD00}.Release|x64.Build.0 = Release|x64
		{EFBE88F9-B83C-4B6D-A14E-62E6D7D0CD00}.Release|x86.ActiveCfg = Release|Win32
		{EFBE88F9-B83C-4B6D-A14E-62E6D7D0CD00}.Release|x86.Build.0 = Release|Win32
	EndGlobalSection
	GlobalSection(SolutionProperties) = preSolution
		HideSolutionNode = FALSE
	EndGlobalSection
	GlobalSection(ExtensibilityGlobals) = postSolution
		SolutionGuid = {86F4B0A3-AC5B-4FE0-BCBB-2E9F00C8AA56}
	EndGlobalSection
EndGlobal
