
Microsoft Visual Studio Solution File, Format Version 12.00
# Visual Studio Version 16
VisualStudioVersion = 16.0.30517.126
MinimumVisualStudioVersion = 10.0.40219.1
Project("{8BC9CEB8-8B4A-11D0-8D11-00A0C91BC942}") = "week 7 A. 集合的算", "week 7 A. 集合的算\week 7 A. 集合的算.vcxproj", "{323387AE-2057-402C-A3E7-75A88A35869C}"
EndProject
Global
	GlobalSection(SolutionConfigurationPlatforms) = preSolution
		Debug|x64 = Debug|x64
		Debug|x86 = Debug|x86
		Release|x64 = Release|x64
		Release|x86 = Release|x86
	EndGlobalSection
	GlobalSection(ProjectConfigurationPlatforms) = postSolution
		{323387AE-2057-402C-A3E7-75A88A35869C}.Debug|x64.ActiveCfg = Debug|x64
		{323387AE-2057-402C-A3E7-75A88A35869C}.Debug|x64.Build.0 = Debug|x64
		{323387AE-2057-402C-A3E7-75A88A35869C}.Debug|x86.ActiveCfg = Debug|Win32
		{323387AE-2057-402C-A3E7-75A88A35869C}.Debug|x86.Build.0 = Debug|Win32
		{323387AE-2057-402C-A3E7-75A88A35869C}.Release|x64.ActiveCfg = Release|x64
		{323387AE-2057-402C-A3E7-75A88A35869C}.Release|x64.Build.0 = Release|x64
		{323387AE-2057-402C-A3E7-75A88A35869C}.Release|x86.ActiveCfg = Release|Win32
		{323387AE-2057-402C-A3E7-75A88A35869C}.Release|x86.Build.0 = Release|Win32
	EndGlobalSection
	GlobalSection(SolutionProperties) = preSolution
		HideSolutionNode = FALSE
	EndGlobalSection
	GlobalSection(ExtensibilityGlobals) = postSolution
		SolutionGuid = {AD8FE0D7-6127-4FA3-85B9-91E9341A26A6}
	EndGlobalSection
EndGlobal
