
Microsoft Visual Studio Solution File, Format Version 12.00
# Visual Studio Version 16
VisualStudioVersion = 16.0.30517.126
MinimumVisualStudioVersion = 10.0.40219.1
Project("{8BC9CEB8-8B4A-11D0-8D11-00A0C91BC942}") = "垃圾", "垃圾\垃圾.vcxproj", "{52E13B4E-83B3-4F4A-949E-581EBDC7D8DF}"
EndProject
Global
	GlobalSection(SolutionConfigurationPlatforms) = preSolution
		Debug|x64 = Debug|x64
		Debug|x86 = Debug|x86
		Release|x64 = Release|x64
		Release|x86 = Release|x86
	EndGlobalSection
	GlobalSection(ProjectConfigurationPlatforms) = postSolution
		{52E13B4E-83B3-4F4A-949E-581EBDC7D8DF}.Debug|x64.ActiveCfg = Debug|x64
		{52E13B4E-83B3-4F4A-949E-581EBDC7D8DF}.Debug|x64.Build.0 = Debug|x64
		{52E13B4E-83B3-4F4A-949E-581EBDC7D8DF}.Debug|x86.ActiveCfg = Debug|Win32
		{52E13B4E-83B3-4F4A-949E-581EBDC7D8DF}.Debug|x86.Build.0 = Debug|Win32
		{52E13B4E-83B3-4F4A-949E-581EBDC7D8DF}.Release|x64.ActiveCfg = Release|x64
		{52E13B4E-83B3-4F4A-949E-581EBDC7D8DF}.Release|x64.Build.0 = Release|x64
		{52E13B4E-83B3-4F4A-949E-581EBDC7D8DF}.Release|x86.ActiveCfg = Release|Win32
		{52E13B4E-83B3-4F4A-949E-581EBDC7D8DF}.Release|x86.Build.0 = Release|Win32
	EndGlobalSection
	GlobalSection(SolutionProperties) = preSolution
		HideSolutionNode = FALSE
	EndGlobalSection
	GlobalSection(ExtensibilityGlobals) = postSolution
		SolutionGuid = {BB3BB3ED-520D-48DD-A458-CA80BBB0F5A4}
	EndGlobalSection
EndGlobal
