
Microsoft Visual Studio Solution File, Format Version 12.00
# Visual Studio Version 16
VisualStudioVersion = 16.0.30517.126
MinimumVisualStudioVersion = 10.0.40219.1
Project("{8BC9CEB8-8B4A-11D0-8D11-00A0C91BC942}") = "week 3 A. Game", "week 3 A. Game\week 3 A. Game.vcxproj", "{0E29F2C9-6C81-4F98-A610-5C9FF416792F}"
EndProject
Global
	GlobalSection(SolutionConfigurationPlatforms) = preSolution
		Debug|x64 = Debug|x64
		Debug|x86 = Debug|x86
		Release|x64 = Release|x64
		Release|x86 = Release|x86
	EndGlobalSection
	GlobalSection(ProjectConfigurationPlatforms) = postSolution
		{0E29F2C9-6C81-4F98-A610-5C9FF416792F}.Debug|x64.ActiveCfg = Debug|x64
		{0E29F2C9-6C81-4F98-A610-5C9FF416792F}.Debug|x64.Build.0 = Debug|x64
		{0E29F2C9-6C81-4F98-A610-5C9FF416792F}.Debug|x86.ActiveCfg = Debug|Win32
		{0E29F2C9-6C81-4F98-A610-5C9FF416792F}.Debug|x86.Build.0 = Debug|Win32
		{0E29F2C9-6C81-4F98-A610-5C9FF416792F}.Release|x64.ActiveCfg = Release|x64
		{0E29F2C9-6C81-4F98-A610-5C9FF416792F}.Release|x64.Build.0 = Release|x64
		{0E29F2C9-6C81-4F98-A610-5C9FF416792F}.Release|x86.ActiveCfg = Release|Win32
		{0E29F2C9-6C81-4F98-A610-5C9FF416792F}.Release|x86.Build.0 = Release|Win32
	EndGlobalSection
	GlobalSection(SolutionProperties) = preSolution
		HideSolutionNode = FALSE
	EndGlobalSection
	GlobalSection(ExtensibilityGlobals) = postSolution
		SolutionGuid = {09A9445E-AC21-4AAC-A293-99CF8E58FB93}
	EndGlobalSection
EndGlobal
