
Microsoft Visual Studio Solution File, Format Version 12.00
# Visual Studio Version 16
VisualStudioVersion = 16.0.30517.126
MinimumVisualStudioVersion = 10.0.40219.1
Project("{8BC9CEB8-8B4A-11D0-8D11-00A0C91BC942}") = "week 10 A. 加密", "week 10 A. 加密\week 10 A. 加密.vcxproj", "{E412F96B-A382-46D4-B9B2-7E4DE096B544}"
EndProject
Global
	GlobalSection(SolutionConfigurationPlatforms) = preSolution
		Debug|x64 = Debug|x64
		Debug|x86 = Debug|x86
		Release|x64 = Release|x64
		Release|x86 = Release|x86
	EndGlobalSection
	GlobalSection(ProjectConfigurationPlatforms) = postSolution
		{E412F96B-A382-46D4-B9B2-7E4DE096B544}.Debug|x64.ActiveCfg = Debug|x64
		{E412F96B-A382-46D4-B9B2-7E4DE096B544}.Debug|x64.Build.0 = Debug|x64
		{E412F96B-A382-46D4-B9B2-7E4DE096B544}.Debug|x86.ActiveCfg = Debug|Win32
		{E412F96B-A382-46D4-B9B2-7E4DE096B544}.Debug|x86.Build.0 = Debug|Win32
		{E412F96B-A382-46D4-B9B2-7E4DE096B544}.Release|x64.ActiveCfg = Release|x64
		{E412F96B-A382-46D4-B9B2-7E4DE096B544}.Release|x64.Build.0 = Release|x64
		{E412F96B-A382-46D4-B9B2-7E4DE096B544}.Release|x86.ActiveCfg = Release|Win32
		{E412F96B-A382-46D4-B9B2-7E4DE096B544}.Release|x86.Build.0 = Release|Win32
	EndGlobalSection
	GlobalSection(SolutionProperties) = preSolution
		HideSolutionNode = FALSE
	EndGlobalSection
	GlobalSection(ExtensibilityGlobals) = postSolution
		SolutionGuid = {B84FE9D9-9E7F-4737-92A0-618BDEC1360A}
	EndGlobalSection
EndGlobal
