
Microsoft Visual Studio Solution File, Format Version 12.00
# Visual Studio Version 16
VisualStudioVersion = 16.0.30517.126
MinimumVisualStudioVersion = 10.0.40219.1
Project("{8BC9CEB8-8B4A-11D0-8D11-00A0C91BC942}") = "week 3 B. Acesrc Riding The Fences", "week 3 B. Acesrc Riding The Fences\week 3 B. Acesrc Riding The Fences.vcxproj", "{ADBEA2A4-CA2B-4FB1-A928-8270D410683B}"
EndProject
Global
	GlobalSection(SolutionConfigurationPlatforms) = preSolution
		Debug|x64 = Debug|x64
		Debug|x86 = Debug|x86
		Release|x64 = Release|x64
		Release|x86 = Release|x86
	EndGlobalSection
	GlobalSection(ProjectConfigurationPlatforms) = postSolution
		{ADBEA2A4-CA2B-4FB1-A928-8270D410683B}.Debug|x64.ActiveCfg = Debug|x64
		{ADBEA2A4-CA2B-4FB1-A928-8270D410683B}.Debug|x64.Build.0 = Debug|x64
		{ADBEA2A4-CA2B-4FB1-A928-8270D410683B}.Debug|x86.ActiveCfg = Debug|Win32
		{ADBEA2A4-CA2B-4FB1-A928-8270D410683B}.Debug|x86.Build.0 = Debug|Win32
		{ADBEA2A4-CA2B-4FB1-A928-8270D410683B}.Release|x64.ActiveCfg = Release|x64
		{ADBEA2A4-CA2B-4FB1-A928-8270D410683B}.Release|x64.Build.0 = Release|x64
		{ADBEA2A4-CA2B-4FB1-A928-8270D410683B}.Release|x86.ActiveCfg = Release|Win32
		{ADBEA2A4-CA2B-4FB1-A928-8270D410683B}.Release|x86.Build.0 = Release|Win32
	EndGlobalSection
	GlobalSection(SolutionProperties) = preSolution
		HideSolutionNode = FALSE
	EndGlobalSection
	GlobalSection(ExtensibilityGlobals) = postSolution
		SolutionGuid = {1EA854B1-7088-4CF9-B3C8-9922090DF83A}
	EndGlobalSection
EndGlobal
