
Microsoft Visual Studio Solution File, Format Version 12.00
# Visual Studio Version 16
VisualStudioVersion = 16.0.30517.126
MinimumVisualStudioVersion = 10.0.40219.1
Project("{8BC9CEB8-8B4A-11D0-8D11-00A0C91BC942}") = "week 7 C. 最长回文子串", "week 7 C. 最长回文子串\week 7 C. 最长回文子串.vcxproj", "{849F9BE7-D1CA-4C43-A84F-DDE902E13194}"
EndProject
Global
	GlobalSection(SolutionConfigurationPlatforms) = preSolution
		Debug|x64 = Debug|x64
		Debug|x86 = Debug|x86
		Release|x64 = Release|x64
		Release|x86 = Release|x86
	EndGlobalSection
	GlobalSection(ProjectConfigurationPlatforms) = postSolution
		{849F9BE7-D1CA-4C43-A84F-DDE902E13194}.Debug|x64.ActiveCfg = Debug|x64
		{849F9BE7-D1CA-4C43-A84F-DDE902E13194}.Debug|x64.Build.0 = Debug|x64
		{849F9BE7-D1CA-4C43-A84F-DDE902E13194}.Debug|x86.ActiveCfg = Debug|Win32
		{849F9BE7-D1CA-4C43-A84F-DDE902E13194}.Debug|x86.Build.0 = Debug|Win32
		{849F9BE7-D1CA-4C43-A84F-DDE902E13194}.Release|x64.ActiveCfg = Release|x64
		{849F9BE7-D1CA-4C43-A84F-DDE902E13194}.Release|x64.Build.0 = Release|x64
		{849F9BE7-D1CA-4C43-A84F-DDE902E13194}.Release|x86.ActiveCfg = Release|Win32
		{849F9BE7-D1CA-4C43-A84F-DDE902E13194}.Release|x86.Build.0 = Release|Win32
	EndGlobalSection
	GlobalSection(SolutionProperties) = preSolution
		HideSolutionNode = FALSE
	EndGlobalSection
	GlobalSection(ExtensibilityGlobals) = postSolution
		SolutionGuid = {217C3A1A-1DD9-4D38-A979-BA35DA38E8EF}
	EndGlobalSection
EndGlobal
