
Microsoft Visual Studio Solution File, Format Version 12.00
# Visual Studio Version 16
VisualStudioVersion = 16.0.30517.126
MinimumVisualStudioVersion = 10.0.40219.1
Project("{8BC9CEB8-8B4A-11D0-8D11-00A0C91BC942}") = "week 10 B. 可以看见的点", "week 10 B. 可以看见的点\week 10 B. 可以看见的点.vcxproj", "{47E13762-19B6-4651-8905-634EABC72FE4}"
EndProject
Global
	GlobalSection(SolutionConfigurationPlatforms) = preSolution
		Debug|x64 = Debug|x64
		Debug|x86 = Debug|x86
		Release|x64 = Release|x64
		Release|x86 = Release|x86
	EndGlobalSection
	GlobalSection(ProjectConfigurationPlatforms) = postSolution
		{47E13762-19B6-4651-8905-634EABC72FE4}.Debug|x64.ActiveCfg = Debug|x64
		{47E13762-19B6-4651-8905-634EABC72FE4}.Debug|x64.Build.0 = Debug|x64
		{47E13762-19B6-4651-8905-634EABC72FE4}.Debug|x86.ActiveCfg = Debug|Win32
		{47E13762-19B6-4651-8905-634EABC72FE4}.Debug|x86.Build.0 = Debug|Win32
		{47E13762-19B6-4651-8905-634EABC72FE4}.Release|x64.ActiveCfg = Release|x64
		{47E13762-19B6-4651-8905-634EABC72FE4}.Release|x64.Build.0 = Release|x64
		{47E13762-19B6-4651-8905-634EABC72FE4}.Release|x86.ActiveCfg = Release|Win32
		{47E13762-19B6-4651-8905-634EABC72FE4}.Release|x86.Build.0 = Release|Win32
	EndGlobalSection
	GlobalSection(SolutionProperties) = preSolution
		HideSolutionNode = FALSE
	EndGlobalSection
	GlobalSection(ExtensibilityGlobals) = postSolution
		SolutionGuid = {7314188D-32F2-4086-9CB6-3DFF5A20C4B1}
	EndGlobalSection
EndGlobal
