
Microsoft Visual Studio Solution File, Format Version 12.00
# Visual Studio Version 16
VisualStudioVersion = 16.0.30517.126
MinimumVisualStudioVersion = 10.0.40219.1
Project("{8BC9CEB8-8B4A-11D0-8D11-00A0C91BC942}") = "week 7 B. 一个叫yjher的同学决定去做A B Problem", "week 7 B. 一个叫yjher的同学决定去做A B Problem\week 7 B. 一个叫yjher的同学决定去做A B Problem.vcxproj", "{567B0AF9-2FFE-492A-91D3-6414F6E160E2}"
EndProject
Global
	GlobalSection(SolutionConfigurationPlatforms) = preSolution
		Debug|x64 = Debug|x64
		Debug|x86 = Debug|x86
		Release|x64 = Release|x64
		Release|x86 = Release|x86
	EndGlobalSection
	GlobalSection(ProjectConfigurationPlatforms) = postSolution
		{567B0AF9-2FFE-492A-91D3-6414F6E160E2}.Debug|x64.ActiveCfg = Debug|x64
		{567B0AF9-2FFE-492A-91D3-6414F6E160E2}.Debug|x64.Build.0 = Debug|x64
		{567B0AF9-2FFE-492A-91D3-6414F6E160E2}.Debug|x86.ActiveCfg = Debug|Win32
		{567B0AF9-2FFE-492A-91D3-6414F6E160E2}.Debug|x86.Build.0 = Debug|Win32
		{567B0AF9-2FFE-492A-91D3-6414F6E160E2}.Release|x64.ActiveCfg = Release|x64
		{567B0AF9-2FFE-492A-91D3-6414F6E160E2}.Release|x64.Build.0 = Release|x64
		{567B0AF9-2FFE-492A-91D3-6414F6E160E2}.Release|x86.ActiveCfg = Release|Win32
		{567B0AF9-2FFE-492A-91D3-6414F6E160E2}.Release|x86.Build.0 = Release|Win32
	EndGlobalSection
	GlobalSection(SolutionProperties) = preSolution
		HideSolutionNode = FALSE
	EndGlobalSection
	GlobalSection(ExtensibilityGlobals) = postSolution
		SolutionGuid = {2F7529C6-7132-4CCE-82C0-D17E79D79F7B}
	EndGlobalSection
EndGlobal
