
Microsoft Visual Studio Solution File, Format Version 12.00
# Visual Studio Version 16
VisualStudioVersion = 16.0.30517.126
MinimumVisualStudioVersion = 10.0.40219.1
Project("{8BC9CEB8-8B4A-11D0-8D11-00A0C91BC942}") = "dp", "dp\dp.vcxproj", "{64566235-48A5-4612-A4E8-2D340704664D}"
EndProject
Global
	GlobalSection(SolutionConfigurationPlatforms) = preSolution
		Debug|x64 = Debug|x64
		Debug|x86 = Debug|x86
		Release|x64 = Release|x64
		Release|x86 = Release|x86
	EndGlobalSection
	GlobalSection(ProjectConfigurationPlatforms) = postSolution
		{64566235-48A5-4612-A4E8-2D340704664D}.Debug|x64.ActiveCfg = Debug|x64
		{64566235-48A5-4612-A4E8-2D340704664D}.Debug|x64.Build.0 = Debug|x64
		{64566235-48A5-4612-A4E8-2D340704664D}.Debug|x86.ActiveCfg = Debug|Win32
		{64566235-48A5-4612-A4E8-2D340704664D}.Debug|x86.Build.0 = Debug|Win32
		{64566235-48A5-4612-A4E8-2D340704664D}.Release|x64.ActiveCfg = Release|x64
		{64566235-48A5-4612-A4E8-2D340704664D}.Release|x64.Build.0 = Release|x64
		{64566235-48A5-4612-A4E8-2D340704664D}.Release|x86.ActiveCfg = Release|Win32
		{64566235-48A5-4612-A4E8-2D340704664D}.Release|x86.Build.0 = Release|Win32
	EndGlobalSection
	GlobalSection(SolutionProperties) = preSolution
		HideSolutionNode = FALSE
	EndGlobalSection
	GlobalSection(ExtensibilityGlobals) = postSolution
		SolutionGuid = {DC293AEB-9E3C-419A-B94B-01C691407FF4}
	EndGlobalSection
EndGlobal
