
Microsoft Visual Studio Solution File, Format Version 12.00
# Visual Studio Version 16
VisualStudioVersion = 16.0.30517.126
MinimumVisualStudioVersion = 10.0.40219.1
Project("{8BC9CEB8-8B4A-11D0-8D11-00A0C91BC942}") = "week 6 C. 礼物栈", "week 6 C. 礼物栈\week 6 C. 礼物栈.vcxproj", "{66F02B93-3744-41D5-9E8A-79A36108068B}"
EndProject
Global
	GlobalSection(SolutionConfigurationPlatforms) = preSolution
		Debug|x64 = Debug|x64
		Debug|x86 = Debug|x86
		Release|x64 = Release|x64
		Release|x86 = Release|x86
	EndGlobalSection
	GlobalSection(ProjectConfigurationPlatforms) = postSolution
		{66F02B93-3744-41D5-9E8A-79A36108068B}.Debug|x64.ActiveCfg = Debug|x64
		{66F02B93-3744-41D5-9E8A-79A36108068B}.Debug|x64.Build.0 = Debug|x64
		{66F02B93-3744-41D5-9E8A-79A36108068B}.Debug|x86.ActiveCfg = Debug|Win32
		{66F02B93-3744-41D5-9E8A-79A36108068B}.Debug|x86.Build.0 = Debug|Win32
		{66F02B93-3744-41D5-9E8A-79A36108068B}.Release|x64.ActiveCfg = Release|x64
		{66F02B93-3744-41D5-9E8A-79A36108068B}.Release|x64.Build.0 = Release|x64
		{66F02B93-3744-41D5-9E8A-79A36108068B}.Release|x86.ActiveCfg = Release|Win32
		{66F02B93-3744-41D5-9E8A-79A36108068B}.Release|x86.Build.0 = Release|Win32
	EndGlobalSection
	GlobalSection(SolutionProperties) = preSolution
		HideSolutionNode = FALSE
	EndGlobalSection
	GlobalSection(ExtensibilityGlobals) = postSolution
		SolutionGuid = {7B260754-D8F3-42D1-8836-7580CB6F8210}
	EndGlobalSection
EndGlobal
