
Microsoft Visual Studio Solution File, Format Version 12.00
# Visual Studio Version 16
VisualStudioVersion = 16.0.30517.126
MinimumVisualStudioVersion = 10.0.40219.1
Project("{8BC9CEB8-8B4A-11D0-8D11-00A0C91BC942}") = "week 9 A. Select", "week 9 A. Select\week 9 A. Select.vcxproj", "{9E79207A-A2EF-4EC6-A354-FB5B0E2C79AB}"
EndProject
Global
	GlobalSection(SolutionConfigurationPlatforms) = preSolution
		Debug|x64 = Debug|x64
		Debug|x86 = Debug|x86
		Release|x64 = Release|x64
		Release|x86 = Release|x86
	EndGlobalSection
	GlobalSection(ProjectConfigurationPlatforms) = postSolution
		{9E79207A-A2EF-4EC6-A354-FB5B0E2C79AB}.Debug|x64.ActiveCfg = Debug|x64
		{9E79207A-A2EF-4EC6-A354-FB5B0E2C79AB}.Debug|x64.Build.0 = Debug|x64
		{9E79207A-A2EF-4EC6-A354-FB5B0E2C79AB}.Debug|x86.ActiveCfg = Debug|Win32
		{9E79207A-A2EF-4EC6-A354-FB5B0E2C79AB}.Debug|x86.Build.0 = Debug|Win32
		{9E79207A-A2EF-4EC6-A354-FB5B0E2C79AB}.Release|x64.ActiveCfg = Release|x64
		{9E79207A-A2EF-4EC6-A354-FB5B0E2C79AB}.Release|x64.Build.0 = Release|x64
		{9E79207A-A2EF-4EC6-A354-FB5B0E2C79AB}.Release|x86.ActiveCfg = Release|Win32
		{9E79207A-A2EF-4EC6-A354-FB5B0E2C79AB}.Release|x86.Build.0 = Release|Win32
	EndGlobalSection
	GlobalSection(SolutionProperties) = preSolution
		HideSolutionNode = FALSE
	EndGlobalSection
	GlobalSection(ExtensibilityGlobals) = postSolution
		SolutionGuid = {0FC249F5-A7F7-4670-8CBB-AC130F55E72A}
	EndGlobalSection
EndGlobal
