
Microsoft Visual Studio Solution File, Format Version 12.00
# Visual Studio Version 16
VisualStudioVersion = 16.0.30517.126
MinimumVisualStudioVersion = 10.0.40219.1
Project("{8BC9CEB8-8B4A-11D0-8D11-00A0C91BC942}") = "T2", "T2\T2.vcxproj", "{F028F85C-B223-4193-84E8-3F6D248CD21E}"
EndProject
Global
	GlobalSection(SolutionConfigurationPlatforms) = preSolution
		Debug|x64 = Debug|x64
		Debug|x86 = Debug|x86
		Release|x64 = Release|x64
		Release|x86 = Release|x86
	EndGlobalSection
	GlobalSection(ProjectConfigurationPlatforms) = postSolution
		{F028F85C-B223-4193-84E8-3F6D248CD21E}.Debug|x64.ActiveCfg = Debug|x64
		{F028F85C-B223-4193-84E8-3F6D248CD21E}.Debug|x64.Build.0 = Debug|x64
		{F028F85C-B223-4193-84E8-3F6D248CD21E}.Debug|x86.ActiveCfg = Debug|Win32
		{F028F85C-B223-4193-84E8-3F6D248CD21E}.Debug|x86.Build.0 = Debug|Win32
		{F028F85C-B223-4193-84E8-3F6D248CD21E}.Release|x64.ActiveCfg = Release|x64
		{F028F85C-B223-4193-84E8-3F6D248CD21E}.Release|x64.Build.0 = Release|x64
		{F028F85C-B223-4193-84E8-3F6D248CD21E}.Release|x86.ActiveCfg = Release|Win32
		{F028F85C-B223-4193-84E8-3F6D248CD21E}.Release|x86.Build.0 = Release|Win32
	EndGlobalSection
	GlobalSection(SolutionProperties) = preSolution
		HideSolutionNode = FALSE
	EndGlobalSection
	GlobalSection(ExtensibilityGlobals) = postSolution
		SolutionGuid = {26F4584B-DA6B-45EC-8F85-79EB0C963F74}
	EndGlobalSection
EndGlobal
