
Microsoft Visual Studio Solution File, Format Version 12.00
# Visual Studio Version 16
VisualStudioVersion = 16.0.30517.126
MinimumVisualStudioVersion = 10.0.40219.1
Project("{8BC9CEB8-8B4A-11D0-8D11-00A0C91BC942}") = "week 4 C. 01背包问题", "week 4 C. 01背包问题\week 4 C. 01背包问题.vcxproj", "{D7E79775-56EA-451E-966B-025C6B8D02D0}"
EndProject
Global
	GlobalSection(SolutionConfigurationPlatforms) = preSolution
		Debug|x64 = Debug|x64
		Debug|x86 = Debug|x86
		Release|x64 = Release|x64
		Release|x86 = Release|x86
	EndGlobalSection
	GlobalSection(ProjectConfigurationPlatforms) = postSolution
		{D7E79775-56EA-451E-966B-025C6B8D02D0}.Debug|x64.ActiveCfg = Debug|x64
		{D7E79775-56EA-451E-966B-025C6B8D02D0}.Debug|x64.Build.0 = Debug|x64
		{D7E79775-56EA-451E-966B-025C6B8D02D0}.Debug|x86.ActiveCfg = Debug|Win32
		{D7E79775-56EA-451E-966B-025C6B8D02D0}.Debug|x86.Build.0 = Debug|Win32
		{D7E79775-56EA-451E-966B-025C6B8D02D0}.Release|x64.ActiveCfg = Release|x64
		{D7E79775-56EA-451E-966B-025C6B8D02D0}.Release|x64.Build.0 = Release|x64
		{D7E79775-56EA-451E-966B-025C6B8D02D0}.Release|x86.ActiveCfg = Release|Win32
		{D7E79775-56EA-451E-966B-025C6B8D02D0}.Release|x86.Build.0 = Release|Win32
	EndGlobalSection
	GlobalSection(SolutionProperties) = preSolution
		HideSolutionNode = FALSE
	EndGlobalSection
	GlobalSection(ExtensibilityGlobals) = postSolution
		SolutionGuid = {FCA3F8CB-5CAF-4EC7-B5F6-47B2974BDF7A}
	EndGlobalSection
EndGlobal
