
Microsoft Visual Studio Solution File, Format Version 12.00
# Visual Studio Version 16
VisualStudioVersion = 16.0.30517.126
MinimumVisualStudioVersion = 10.0.40219.1
Project("{8BC9CEB8-8B4A-11D0-8D11-00A0C91BC942}") = "week 9 A. 水很深", "week 9 A. 水很深\week 9 A. 水很深.vcxproj", "{44CDDFF5-D954-4C6B-9362-E22BC34375DA}"
EndProject
Global
	GlobalSection(SolutionConfigurationPlatforms) = preSolution
		Debug|x64 = Debug|x64
		Debug|x86 = Debug|x86
		Release|x64 = Release|x64
		Release|x86 = Release|x86
	EndGlobalSection
	GlobalSection(ProjectConfigurationPlatforms) = postSolution
		{44CDDFF5-D954-4C6B-9362-E22BC34375DA}.Debug|x64.ActiveCfg = Debug|x64
		{44CDDFF5-D954-4C6B-9362-E22BC34375DA}.Debug|x64.Build.0 = Debug|x64
		{44CDDFF5-D954-4C6B-9362-E22BC34375DA}.Debug|x86.ActiveCfg = Debug|Win32
		{44CDDFF5-D954-4C6B-9362-E22BC34375DA}.Debug|x86.Build.0 = Debug|Win32
		{44CDDFF5-D954-4C6B-9362-E22BC34375DA}.Release|x64.ActiveCfg = Release|x64
		{44CDDFF5-D954-4C6B-9362-E22BC34375DA}.Release|x64.Build.0 = Release|x64
		{44CDDFF5-D954-4C6B-9362-E22BC34375DA}.Release|x86.ActiveCfg = Release|Win32
		{44CDDFF5-D954-4C6B-9362-E22BC34375DA}.Release|x86.Build.0 = Release|Win32
	EndGlobalSection
	GlobalSection(SolutionProperties) = preSolution
		HideSolutionNode = FALSE
	EndGlobalSection
	GlobalSection(ExtensibilityGlobals) = postSolution
		SolutionGuid = {502573F6-2336-44E7-BFDF-7ACA4D5BF1B5}
	EndGlobalSection
EndGlobal
